
Microsoft Visual Studio Solution File, Format Version 12.00
# Visual Studio Version 16
VisualStudioVersion = 16.0.30114.105
MinimumVisualStudioVersion = 10.0.40219.1
Project("{FAE04EC0-301F-11D3-BF4B-00C04F79EFBC}") = "EventSourcing.Core", "EventSourcing.Core\EventSourcing.Core.csproj", "{7A90DC19-0342-4A35-846B-54C10108496D}"
EndProject
Project("{FAE04EC0-301F-11D3-BF4B-00C04F79EFBC}") = "EventSourcing.Cosmos", "EventSourcing.Cosmos\EventSourcing.Cosmos.csproj", "{670B021F-5782-4C45-83FA-D6143A81ECB4}"
EndProject
Project("{FAE04EC0-301F-11D3-BF4B-00C04F79EFBC}") = "EventSourcing.Cosmos.Tests", "EventSourcing.Cosmos.Tests\EventSourcing.Cosmos.Tests.csproj", "{66491555-AFE8-4837-B6BC-B06374F61CB1}"
EndProject
Project("{FAE04EC0-301F-11D3-BF4B-00C04F79EFBC}") = "EventSourcing.Example", "EventSourcing.Example\EventSourcing.Example.csproj", "{6329BBB9-7364-42D2-9A7F-B1FDB66FD3FD}"
EndProject
Project("{FAE04EC0-301F-11D3-BF4B-00C04F79EFBC}") = "EventSourcing.Core.Tests", "EventSourcing.Core.Tests\EventSourcing.Core.Tests.csproj", "{BA509124-060C-4B2F-82B4-00819CD3B6C0}"
EndProject
Project("{FAE04EC0-301F-11D3-BF4B-00C04F79EFBC}") = "EventSourcing.Example.Tests", "EventSourcing.Example.Tests\EventSourcing.Example.Tests.csproj", "{2F40022F-93F2-456F-AC11-74A15701D975}"
EndProject
Project("{FAE04EC0-301F-11D3-BF4B-00C04F79EFBC}") = "EventSourcing.EF", "EventSourcing.EF\EventSourcing.EF.csproj", "{5BAFEDF1-2556-471A-9F49-2C1E35AD4BF4}"
EndProject
Project("{FAE04EC0-301F-11D3-BF4B-00C04F79EFBC}") = "EventSourcing.EF.Tests.Postgres", "EventSourcing.EF.Tests.Postgres\EventSourcing.EF.Tests.Postgres.csproj", "{48B70EED-8E1E-4D12-B8BF-78E1AF981CBA}"
EndProject
Project("{FAE04EC0-301F-11D3-BF4B-00C04F79EFBC}") = "EventSourcing.EF.Tests.SqlServer", "EventSourcing.EF.Tests.SqlServer\EventSourcing.EF.Tests.SqlServer.csproj", "{A71FBB8D-0A13-4FAE-9FD3-FB67BA410A30}"
EndProject
Project("{FAE04EC0-301F-11D3-BF4B-00C04F79EFBC}") = "EventSourcing.EF.Tests", "EventSourcing.EF.Tests\EventSourcing.EF.Tests.csproj", "{A66D0DC5-47E8-438B-8217-5C6C108C3D1F}"
EndProject
Global
	GlobalSection(SolutionConfigurationPlatforms) = preSolution
		Debug|Any CPU = Debug|Any CPU
		Debug|x64 = Debug|x64
		Debug|x86 = Debug|x86
		Release|Any CPU = Release|Any CPU
		Release|x64 = Release|x64
		Release|x86 = Release|x86
	EndGlobalSection
	GlobalSection(SolutionProperties) = preSolution
		HideSolutionNode = FALSE
	EndGlobalSection
	GlobalSection(ProjectConfigurationPlatforms) = postSolution
		{7A90DC19-0342-4A35-846B-54C10108496D}.Debug|Any CPU.ActiveCfg = Debug|Any CPU
		{7A90DC19-0342-4A35-846B-54C10108496D}.Debug|Any CPU.Build.0 = Debug|Any CPU
		{7A90DC19-0342-4A35-846B-54C10108496D}.Debug|x64.ActiveCfg = Debug|Any CPU
		{7A90DC19-0342-4A35-846B-54C10108496D}.Debug|x64.Build.0 = Debug|Any CPU
		{7A90DC19-0342-4A35-846B-54C10108496D}.Debug|x86.ActiveCfg = Debug|Any CPU
		{7A90DC19-0342-4A35-846B-54C10108496D}.Debug|x86.Build.0 = Debug|Any CPU
		{7A90DC19-0342-4A35-846B-54C10108496D}.Release|Any CPU.ActiveCfg = Release|Any CPU
		{7A90DC19-0342-4A35-846B-54C10108496D}.Release|Any CPU.Build.0 = Release|Any CPU
		{7A90DC19-0342-4A35-846B-54C10108496D}.Release|x64.ActiveCfg = Release|Any CPU
		{7A90DC19-0342-4A35-846B-54C10108496D}.Release|x64.Build.0 = Release|Any CPU
		{7A90DC19-0342-4A35-846B-54C10108496D}.Release|x86.ActiveCfg = Release|Any CPU
		{7A90DC19-0342-4A35-846B-54C10108496D}.Release|x86.Build.0 = Release|Any CPU
		{670B021F-5782-4C45-83FA-D6143A81ECB4}.Debug|Any CPU.ActiveCfg = Debug|Any CPU
		{670B021F-5782-4C45-83FA-D6143A81ECB4}.Debug|Any CPU.Build.0 = Debug|Any CPU
		{670B021F-5782-4C45-83FA-D6143A81ECB4}.Debug|x64.ActiveCfg = Debug|Any CPU
		{670B021F-5782-4C45-83FA-D6143A81ECB4}.Debug|x64.Build.0 = Debug|Any CPU
		{670B021F-5782-4C45-83FA-D6143A81ECB4}.Debug|x86.ActiveCfg = Debug|Any CPU
		{670B021F-5782-4C45-83FA-D6143A81ECB4}.Debug|x86.Build.0 = Debug|Any CPU
		{670B021F-5782-4C45-83FA-D6143A81ECB4}.Release|Any CPU.ActiveCfg = Release|Any CPU
		{670B021F-5782-4C45-83FA-D6143A81ECB4}.Release|Any CPU.Build.0 = Release|Any CPU
		{670B021F-5782-4C45-83FA-D6143A81ECB4}.Release|x64.ActiveCfg = Release|Any CPU
		{670B021F-5782-4C45-83FA-D6143A81ECB4}.Release|x64.Build.0 = Release|Any CPU
		{670B021F-5782-4C45-83FA-D6143A81ECB4}.Release|x86.ActiveCfg = Release|Any CPU
		{670B021F-5782-4C45-83FA-D6143A81ECB4}.Release|x86.Build.0 = Release|Any CPU
		{66491555-AFE8-4837-B6BC-B06374F61CB1}.Debug|Any CPU.ActiveCfg = Debug|Any CPU
		{66491555-AFE8-4837-B6BC-B06374F61CB1}.Debug|Any CPU.Build.0 = Debug|Any CPU
		{66491555-AFE8-4837-B6BC-B06374F61CB1}.Debug|x64.ActiveCfg = Debug|Any CPU
		{66491555-AFE8-4837-B6BC-B06374F61CB1}.Debug|x64.Build.0 = Debug|Any CPU
		{66491555-AFE8-4837-B6BC-B06374F61CB1}.Debug|x86.ActiveCfg = Debug|Any CPU
		{66491555-AFE8-4837-B6BC-B06374F61CB1}.Debug|x86.Build.0 = Debug|Any CPU
		{66491555-AFE8-4837-B6BC-B06374F61CB1}.Release|Any CPU.ActiveCfg = Release|Any CPU
		{66491555-AFE8-4837-B6BC-B06374F61CB1}.Release|Any CPU.Build.0 = Release|Any CPU
		{66491555-AFE8-4837-B6BC-B06374F61CB1}.Release|x64.ActiveCfg = Release|Any CPU
		{66491555-AFE8-4837-B6BC-B06374F61CB1}.Release|x64.Build.0 = Release|Any CPU
		{66491555-AFE8-4837-B6BC-B06374F61CB1}.Release|x86.ActiveCfg = Release|Any CPU
		{66491555-AFE8-4837-B6BC-B06374F61CB1}.Release|x86.Build.0 = Release|Any CPU
		{6329BBB9-7364-42D2-9A7F-B1FDB66FD3FD}.Debug|Any CPU.ActiveCfg = Debug|Any CPU
		{6329BBB9-7364-42D2-9A7F-B1FDB66FD3FD}.Debug|Any CPU.Build.0 = Debug|Any CPU
		{6329BBB9-7364-42D2-9A7F-B1FDB66FD3FD}.Debug|x64.ActiveCfg = Debug|Any CPU
		{6329BBB9-7364-42D2-9A7F-B1FDB66FD3FD}.Debug|x64.Build.0 = Debug|Any CPU
		{6329BBB9-7364-42D2-9A7F-B1FDB66FD3FD}.Debug|x86.ActiveCfg = Debug|Any CPU
		{6329BBB9-7364-42D2-9A7F-B1FDB66FD3FD}.Debug|x86.Build.0 = Debug|Any CPU
		{6329BBB9-7364-42D2-9A7F-B1FDB66FD3FD}.Release|Any CPU.ActiveCfg = Release|Any CPU
		{6329BBB9-7364-42D2-9A7F-B1FDB66FD3FD}.Release|Any CPU.Build.0 = Release|Any CPU
		{6329BBB9-7364-42D2-9A7F-B1FDB66FD3FD}.Release|x64.ActiveCfg = Release|Any CPU
		{6329BBB9-7364-42D2-9A7F-B1FDB66FD3FD}.Release|x64.Build.0 = Release|Any CPU
		{6329BBB9-7364-42D2-9A7F-B1FDB66FD3FD}.Release|x86.ActiveCfg = Release|Any CPU
		{6329BBB9-7364-42D2-9A7F-B1FDB66FD3FD}.Release|x86.Build.0 = Release|Any CPU
		{BA509124-060C-4B2F-82B4-00819CD3B6C0}.Debug|Any CPU.ActiveCfg = Debug|Any CPU
		{BA509124-060C-4B2F-82B4-00819CD3B6C0}.Debug|Any CPU.Build.0 = Debug|Any CPU
		{BA509124-060C-4B2F-82B4-00819CD3B6C0}.Debug|x64.ActiveCfg = Debug|Any CPU
		{BA509124-060C-4B2F-82B4-00819CD3B6C0}.Debug|x64.Build.0 = Debug|Any CPU
		{BA509124-060C-4B2F-82B4-00819CD3B6C0}.Debug|x86.ActiveCfg = Debug|Any CPU
		{BA509124-060C-4B2F-82B4-00819CD3B6C0}.Debug|x86.Build.0 = Debug|Any CPU
		{BA509124-060C-4B2F-82B4-00819CD3B6C0}.Release|Any CPU.ActiveCfg = Release|Any CPU
		{BA509124-060C-4B2F-82B4-00819CD3B6C0}.Release|Any CPU.Build.0 = Release|Any CPU
		{BA509124-060C-4B2F-82B4-00819CD3B6C0}.Release|x64.ActiveCfg = Release|Any CPU
		{BA509124-060C-4B2F-82B4-00819CD3B6C0}.Release|x64.Build.0 = Release|Any CPU
		{BA509124-060C-4B2F-82B4-00819CD3B6C0}.Release|x86.ActiveCfg = Release|Any CPU
		{BA509124-060C-4B2F-82B4-00819CD3B6C0}.Release|x86.Build.0 = Release|Any CPU
		{2F40022F-93F2-456F-AC11-74A15701D975}.Debug|Any CPU.ActiveCfg = Debug|Any CPU
		{2F40022F-93F2-456F-AC11-74A15701D975}.Debug|Any CPU.Build.0 = Debug|Any CPU
		{2F40022F-93F2-456F-AC11-74A15701D975}.Debug|x64.ActiveCfg = Debug|Any CPU
		{2F40022F-93F2-456F-AC11-74A15701D975}.Debug|x64.Build.0 = Debug|Any CPU
		{2F40022F-93F2-456F-AC11-74A15701D975}.Debug|x86.ActiveCfg = Debug|Any CPU
		{2F40022F-93F2-456F-AC11-74A15701D975}.Debug|x86.Build.0 = Debug|Any CPU
		{2F40022F-93F2-456F-AC11-74A15701D975}.Release|Any CPU.ActiveCfg = Release|Any CPU
		{2F40022F-93F2-456F-AC11-74A15701D975}.Release|Any CPU.Build.0 = Release|Any CPU
		{2F40022F-93F2-456F-AC11-74A15701D975}.Release|x64.ActiveCfg = Release|Any CPU
		{2F40022F-93F2-456F-AC11-74A15701D975}.Release|x64.Build.0 = Release|Any CPU
		{2F40022F-93F2-456F-AC11-74A15701D975}.Release|x86.ActiveCfg = Release|Any CPU
		{2F40022F-93F2-456F-AC11-74A15701D975}.Release|x86.Build.0 = Release|Any CPU
		{5BAFEDF1-2556-471A-9F49-2C1E35AD4BF4}.Debug|Any CPU.ActiveCfg = Debug|Any CPU
		{5BAFEDF1-2556-471A-9F49-2C1E35AD4BF4}.Debug|Any CPU.Build.0 = Debug|Any CPU
		{5BAFEDF1-2556-471A-9F49-2C1E35AD4BF4}.Debug|x64.ActiveCfg = Debug|Any CPU
		{5BAFEDF1-2556-471A-9F49-2C1E35AD4BF4}.Debug|x64.Build.0 = Debug|Any CPU
		{5BAFEDF1-2556-471A-9F49-2C1E35AD4BF4}.Debug|x86.ActiveCfg = Debug|Any CPU
		{5BAFEDF1-2556-471A-9F49-2C1E35AD4BF4}.Debug|x86.Build.0 = Debug|Any CPU
		{5BAFEDF1-2556-471A-9F49-2C1E35AD4BF4}.Release|Any CPU.ActiveCfg = Release|Any CPU
		{5BAFEDF1-2556-471A-9F49-2C1E35AD4BF4}.Release|Any CPU.Build.0 = Release|Any CPU
		{5BAFEDF1-2556-471A-9F49-2C1E35AD4BF4}.Release|x64.ActiveCfg = Release|Any CPU
		{5BAFEDF1-2556-471A-9F49-2C1E35AD4BF4}.Release|x64.Build.0 = Release|Any CPU
		{5BAFEDF1-2556-471A-9F49-2C1E35AD4BF4}.Release|x86.ActiveCfg = Release|Any CPU
		{5BAFEDF1-2556-471A-9F49-2C1E35AD4BF4}.Release|x86.Build.0 = Release|Any CPU
		{48B70EED-8E1E-4D12-B8BF-78E1AF981CBA}.Debug|Any CPU.ActiveCfg = Debug|Any CPU
		{48B70EED-8E1E-4D12-B8BF-78E1AF981CBA}.Debug|Any CPU.Build.0 = Debug|Any CPU
		{48B70EED-8E1E-4D12-B8BF-78E1AF981CBA}.Debug|x64.ActiveCfg = Debug|Any CPU
		{48B70EED-8E1E-4D12-B8BF-78E1AF981CBA}.Debug|x64.Build.0 = Debug|Any CPU
		{48B70EED-8E1E-4D12-B8BF-78E1AF981CBA}.Debug|x86.ActiveCfg = Debug|Any CPU
		{48B70EED-8E1E-4D12-B8BF-78E1AF981CBA}.Debug|x86.Build.0 = Debug|Any CPU
		{48B70EED-8E1E-4D12-B8BF-78E1AF981CBA}.Release|Any CPU.ActiveCfg = Release|Any CPU
		{48B70EED-8E1E-4D12-B8BF-78E1AF981CBA}.Release|Any CPU.Build.0 = Release|Any CPU
		{48B70EED-8E1E-4D12-B8BF-78E1AF981CBA}.Release|x64.ActiveCfg = Release|Any CPU
		{48B70EED-8E1E-4D12-B8BF-78E1AF981CBA}.Release|x64.Build.0 = Release|Any CPU
		{48B70EED-8E1E-4D12-B8BF-78E1AF981CBA}.Release|x86.ActiveCfg = Release|Any CPU
		{48B70EED-8E1E-4D12-B8BF-78E1AF981CBA}.Release|x86.Build.0 = Release|Any CPU
		{A71FBB8D-0A13-4FAE-9FD3-FB67BA410A30}.Debug|Any CPU.ActiveCfg = Debug|Any CPU
		{A71FBB8D-0A13-4FAE-9FD3-FB67BA410A30}.Debug|Any CPU.Build.0 = Debug|Any CPU
		{A71FBB8D-0A13-4FAE-9FD3-FB67BA410A30}.Debug|x64.ActiveCfg = Debug|Any CPU
		{A71FBB8D-0A13-4FAE-9FD3-FB67BA410A30}.Debug|x64.Build.0 = Debug|Any CPU
		{A71FBB8D-0A13-4FAE-9FD3-FB67BA410A30}.Debug|x86.ActiveCfg = Debug|Any CPU
		{A71FBB8D-0A13-4FAE-9FD3-FB67BA410A30}.Debug|x86.Build.0 = Debug|Any CPU
		{A71FBB8D-0A13-4FAE-9FD3-FB67BA410A30}.Release|Any CPU.ActiveCfg = Release|Any CPU
		{A71FBB8D-0A13-4FAE-9FD3-FB67BA410A30}.Release|Any CPU.Build.0 = Release|Any CPU
		{A71FBB8D-0A13-4FAE-9FD3-FB67BA410A30}.Release|x64.ActiveCfg = Release|Any CPU
		{A71FBB8D-0A13-4FAE-9FD3-FB67BA410A30}.Release|x64.Build.0 = Release|Any CPU
		{A71FBB8D-0A13-4FAE-9FD3-FB67BA410A30}.Release|x86.ActiveCfg = Release|Any CPU
		{A71FBB8D-0A13-4FAE-9FD3-FB67BA410A30}.Release|x86.Build.0 = Release|Any CPU
		{A66D0DC5-47E8-438B-8217-5C6C108C3D1F}.Debug|Any CPU.ActiveCfg = Debug|Any CPU
		{A66D0DC5-47E8-438B-8217-5C6C108C3D1F}.Debug|Any CPU.Build.0 = Debug|Any CPU
		{A66D0DC5-47E8-438B-8217-5C6C108C3D1F}.Debug|x64.ActiveCfg = Debug|Any CPU
		{A66D0DC5-47E8-438B-8217-5C6C108C3D1F}.Debug|x64.Build.0 = Debug|Any CPU
		{A66D0DC5-47E8-438B-8217-5C6C108C3D1F}.Debug|x86.ActiveCfg = Debug|Any CPU
		{A66D0DC5-47E8-438B-8217-5C6C108C3D1F}.Debug|x86.Build.0 = Debug|Any CPU
		{A66D0DC5-47E8-438B-8217-5C6C108C3D1F}.Release|Any CPU.ActiveCfg = Release|Any CPU
		{A66D0DC5-47E8-438B-8217-5C6C108C3D1F}.Release|Any CPU.Build.0 = Release|Any CPU
		{A66D0DC5-47E8-438B-8217-5C6C108C3D1F}.Release|x64.ActiveCfg = Release|Any CPU
		{A66D0DC5-47E8-438B-8217-5C6C108C3D1F}.Release|x64.Build.0 = Release|Any CPU
		{A66D0DC5-47E8-438B-8217-5C6C108C3D1F}.Release|x86.ActiveCfg = Release|Any CPU
		{A66D0DC5-47E8-438B-8217-5C6C108C3D1F}.Release|x86.Build.0 = Release|Any CPU
	EndGlobalSection
EndGlobal
